{
    "_readme": [
        "This file locks the dependencies of your project to a known state",
        "Read more about it at https://getcomposer.org/doc/01-basic-usage.md#installing-dependencies",
        "This file is @generated automatically"
    ],
    "content-hash": "ef826292d5cc836c0db5a42b9b6246e6",
    "packages": [
        {
            "name": "psr/log",
            "version": "1.1.4",
            "source": {
                "type": "git",
                "url": "https://github.com/php-fig/log.git",
                "reference": "d49695b909c3b7628b6289db5479a1c204601f11"
            },
            "dist": {
                "type": "zip",
                "url": "https://api.github.com/repos/php-fig/log/zipball/d49695b909c3b7628b6289db5479a1c204601f11",
                "reference": "d49695b909c3b7628b6289db5479a1c204601f11",
                "shasum": ""
            },
            "require": {
                "php": ">=5.3.0"
            },
            "type": "library",
            "extra": {
                "branch-alias": {
                    "dev-master": "1.1.x-dev"
                }
            },
            "autoload": {
                "psr-4": {
                    "Psr\\Log\\": "Psr/Log/"
                }
            },
            "notification-url": "https://packagist.org/downloads/",
            "license": [
                "MIT"
            ],
            "authors": [
                {
                    "name": "PHP-FIG",
                    "homepage": "https://www.php-fig.org/"
                }
            ],
            "description": "Common interface for logging libraries",
            "homepage": "https://github.com/php-fig/log",
            "keywords": [
                "log",
                "psr",
                "psr-3"
            ],
            "support": {
                "source": "https://github.com/php-fig/log/tree/1.1.4"
            },
            "time": "2021-05-03T11:20:27+00:00"
        },
        {
            "name": "yourivw/leclient",
            "version": "1.3.0",
            "source": {
                "type": "git",
                "url": "https://github.com/yourivw/LEClient.git",
                "reference": "6c1fa9446173ff6bb41934d3ad07f9b960c2c0c4"
            },
            "dist": {
                "type": "zip",
                "url": "https://api.github.com/repos/yourivw/LEClient/zipball/6c1fa9446173ff6bb41934d3ad07f9b960c2c0c4",
                "reference": "6c1fa9446173ff6bb41934d3ad07f9b960c2c0c4",
                "shasum": ""
            },
            "require": {
                "ext-openssl": "*",
                "php": ">=5.2"
            },
            "require-dev": {
                "psr/log": "^1.1"
            },
            "type": "library",
            "autoload": {
                "psr-4": {
                    "LEClient\\": "src/"
                }
            },
            "notification-url": "https://packagist.org/downloads/",
            "license": [
                "MIT"
            ],
            "description": "PHP LetsEncrypt client library for ACME v2",
            "support": {
                "issues": "https://github.com/yourivw/LEClient/issues",
                "source": "https://github.com/yourivw/LEClient/tree/1.3.0"
            },
            "time": "2021-06-20T10:51:42+00:00"
        }
    ],
    "packages-dev": [],
    "aliases": [],
    "minimum-stability": "stable",
    "stability-flags": [],
    "prefer-stable": false,
    "prefer-lowest": false,
    "platform": [],
    "platform-dev": [],
    "plugin-api-version": "2.2.0"
}
